
Microsoft Visual Studio Solution File, Format Version 12.00
# Visual Studio Version 17
VisualStudioVersion = 17.12.35527.113 d17.12
MinimumVisualStudioVersion = 10.0.40219.1
Project("{2150E333-8FDC-42A3-9474-1A3956D46DE8}") = "src", "src", "{FD37BD4D-2CCB-4EB9-95ED-11043E223EE0}"
EndProject
Project("{FAE04EC0-301F-11D3-BF4B-00C04F79EFBC}") = "RandevuPlus.API", "RandevuPlus.API\RandevuPlus.API.csproj", "{D84E3F70-3554-4F97-9709-6C93ECFE2054}"
EndProject
Global
	GlobalSection(SolutionConfigurationPlatforms) = preSolution
		Debug|Any CPU = Debug|Any CPU
		Release|Any CPU = Release|Any CPU
	EndGlobalSection
	GlobalSection(ProjectConfigurationPlatforms) = postSolution
		{D84E3F70-3554-4F97-9709-6C93ECFE2054}.Debug|Any CPU.ActiveCfg = Debug|Any CPU
		{D84E3F70-3554-4F97-9709-6C93ECFE2054}.Debug|Any CPU.Build.0 = Debug|Any CPU
		{D84E3F70-3554-4F97-9709-6C93ECFE2054}.Release|Any CPU.ActiveCfg = Release|Any CPU
		{D84E3F70-3554-4F97-9709-6C93ECFE2054}.Release|Any CPU.Build.0 = Release|Any CPU
	EndGlobalSection
	GlobalSection(SolutionProperties) = preSolution
		HideSolutionNode = FALSE
	EndGlobalSection
	GlobalSection(NestedProjects) = preSolution
		{D84E3F70-3554-4F97-9709-6C93ECFE2054} = {FD37BD4D-2CCB-4EB9-95ED-11043E223EE0}
	EndGlobalSection
EndGlobal
